
Microsoft Visual Studio Solution File, Format Version 12.00
# Visual Studio 2012
Project("{FAE04EC0-301F-11D3-BF4B-00C04F79EFBC}") = "Phoneword_iOS", "Phoneword_iOS\Phoneword_iOS.csproj", "{FBDEF586-4785-45E6-8E7F-5CE8E863EC44}"
EndProject
Global
	GlobalSection(SolutionConfigurationPlatforms) = preSolution
		Debug|iPhoneSimulator = Debug|iPhoneSimulator
		Release|iPhone = Release|iPhone
		Release|iPhoneSimulator = Release|iPhoneSimulator
		Debug|iPhone = Debug|iPhone
	EndGlobalSection
	GlobalSection(ProjectConfigurationPlatforms) = postSolution
		{FBDEF586-4785-45E6-8E7F-5CE8E863EC44}.Debug|iPhone.ActiveCfg = Debug|iPhone
		{FBDEF586-4785-45E6-8E7F-5CE8E863EC44}.Debug|iPhone.Build.0 = Debug|iPhone
		{FBDEF586-4785-45E6-8E7F-5CE8E863EC44}.Debug|iPhoneSimulator.ActiveCfg = Debug|iPhoneSimulator
		{FBDEF586-4785-45E6-8E7F-5CE8E863EC44}.Debug|iPhoneSimulator.Build.0 = Debug|iPhoneSimulator
		{FBDEF586-4785-45E6-8E7F-5CE8E863EC44}.Release|iPhone.ActiveCfg = Release|iPhone
		{FBDEF586-4785-45E6-8E7F-5CE8E863EC44}.Release|iPhone.Build.0 = Release|iPhone
		{FBDEF586-4785-45E6-8E7F-5CE8E863EC44}.Release|iPhoneSimulator.ActiveCfg = Release|iPhoneSimulator
		{FBDEF586-4785-45E6-8E7F-5CE8E863EC44}.Release|iPhoneSimulator.Build.0 = Release|iPhoneSimulator
	EndGlobalSection
EndGlobal
