
Microsoft Visual Studio Solution File, Format Version 12.00
# Visual Studio 15
VisualStudioVersion = 15.0.26228.9
MinimumVisualStudioVersion = 10.0.40219.1
Project("{FAE04EC0-301F-11D3-BF4B-00C04F79EFBC}") = "Phoneword", "Phoneword\Phoneword\Phoneword.csproj", "{66B38615-9AFB-4F8B-94D9-6DA1F58645AE}"
EndProject
Project("{FAE04EC0-301F-11D3-BF4B-00C04F79EFBC}") = "Phoneword.Droid", "Phoneword\Phoneword.Droid\Phoneword.Droid.csproj", "{318F2B09-1683-4850-94CC-883B688F570B}"
EndProject
Project("{FAE04EC0-301F-11D3-BF4B-00C04F79EFBC}") = "Phoneword.iOS", "Phoneword\Phoneword.iOS\Phoneword.iOS.csproj", "{72C4A921-2B90-463F-AB07-89D0CA102C79}"
EndProject
Project("{FAE04EC0-301F-11D3-BF4B-00C04F79EFBC}") = "Phoneword.UWP", "Phoneword\Phoneword.UWP\Phoneword.UWP.csproj", "{B69B65EC-EF76-4C23-BE76-2F25CBF2B566}"
EndProject
Global
	GlobalSection(SolutionConfigurationPlatforms) = preSolution
		Ad-Hoc|Any CPU = Ad-Hoc|Any CPU
		Ad-Hoc|ARM = Ad-Hoc|ARM
		Ad-Hoc|iPhone = Ad-Hoc|iPhone
		Ad-Hoc|iPhoneSimulator = Ad-Hoc|iPhoneSimulator
		Ad-Hoc|x64 = Ad-Hoc|x64
		Ad-Hoc|x86 = Ad-Hoc|x86
		AppStore|Any CPU = AppStore|Any CPU
		AppStore|ARM = AppStore|ARM
		AppStore|iPhone = AppStore|iPhone
		AppStore|iPhoneSimulator = AppStore|iPhoneSimulator
		AppStore|x64 = AppStore|x64
		AppStore|x86 = AppStore|x86
		Debug|Any CPU = Debug|Any CPU
		Debug|ARM = Debug|ARM
		Debug|iPhone = Debug|iPhone
		Debug|iPhoneSimulator = Debug|iPhoneSimulator
		Debug|x64 = Debug|x64
		Debug|x86 = Debug|x86
		Release|Any CPU = Release|Any CPU
		Release|ARM = Release|ARM
		Release|iPhone = Release|iPhone
		Release|iPhoneSimulator = Release|iPhoneSimulator
		Release|x64 = Release|x64
		Release|x86 = Release|x86
	EndGlobalSection
	GlobalSection(ProjectConfigurationPlatforms) = postSolution
		{66B38615-9AFB-4F8B-94D9-6DA1F58645AE}.Ad-Hoc|Any CPU.ActiveCfg = Release|Any CPU
		{66B38615-9AFB-4F8B-94D9-6DA1F58645AE}.Ad-Hoc|Any CPU.Build.0 = Release|Any CPU
		{66B38615-9AFB-4F8B-94D9-6DA1F58645AE}.Ad-Hoc|ARM.ActiveCfg = Release|Any CPU
		{66B38615-9AFB-4F8B-94D9-6DA1F58645AE}.Ad-Hoc|ARM.Build.0 = Release|Any CPU
		{66B38615-9AFB-4F8B-94D9-6DA1F58645AE}.Ad-Hoc|iPhone.ActiveCfg = Release|Any CPU
		{66B38615-9AFB-4F8B-94D9-6DA1F58645AE}.Ad-Hoc|iPhone.Build.0 = Release|Any CPU
		{66B38615-9AFB-4F8B-94D9-6DA1F58645AE}.Ad-Hoc|iPhoneSimulator.ActiveCfg = Release|Any CPU
		{66B38615-9AFB-4F8B-94D9-6DA1F58645AE}.Ad-Hoc|iPhoneSimulator.Build.0 = Release|Any CPU
		{66B38615-9AFB-4F8B-94D9-6DA1F58645AE}.Ad-Hoc|x64.ActiveCfg = Release|Any CPU
		{66B38615-9AFB-4F8B-94D9-6DA1F58645AE}.Ad-Hoc|x64.Build.0 = Release|Any CPU
		{66B38615-9AFB-4F8B-94D9-6DA1F58645AE}.Ad-Hoc|x86.ActiveCfg = Release|Any CPU
		{66B38615-9AFB-4F8B-94D9-6DA1F58645AE}.Ad-Hoc|x86.Build.0 = Release|Any CPU
		{66B38615-9AFB-4F8B-94D9-6DA1F58645AE}.AppStore|Any CPU.ActiveCfg = Release|Any CPU
		{66B38615-9AFB-4F8B-94D9-6DA1F58645AE}.AppStore|Any CPU.Build.0 = Release|Any CPU
		{66B38615-9AFB-4F8B-94D9-6DA1F58645AE}.AppStore|ARM.ActiveCfg = Release|Any CPU
		{66B38615-9AFB-4F8B-94D9-6DA1F58645AE}.AppStore|ARM.Build.0 = Release|Any CPU
		{66B38615-9AFB-4F8B-94D9-6DA1F58645AE}.AppStore|iPhone.ActiveCfg = Release|Any CPU
		{66B38615-9AFB-4F8B-94D9-6DA1F58645AE}.AppStore|iPhone.Build.0 = Release|Any CPU
		{66B38615-9AFB-4F8B-94D9-6DA1F58645AE}.AppStore|iPhoneSimulator.ActiveCfg = Release|Any CPU
		{66B38615-9AFB-4F8B-94D9-6DA1F58645AE}.AppStore|iPhoneSimulator.Build.0 = Release|Any CPU
		{66B38615-9AFB-4F8B-94D9-6DA1F58645AE}.AppStore|x64.ActiveCfg = Release|Any CPU
		{66B38615-9AFB-4F8B-94D9-6DA1F58645AE}.AppStore|x64.Build.0 = Release|Any CPU
		{66B38615-9AFB-4F8B-94D9-6DA1F58645AE}.AppStore|x86.ActiveCfg = Release|Any CPU
		{66B38615-9AFB-4F8B-94D9-6DA1F58645AE}.AppStore|x86.Build.0 = Release|Any CPU
		{66B38615-9AFB-4F8B-94D9-6DA1F58645AE}.Debug|Any CPU.ActiveCfg = Debug|Any CPU
		{66B38615-9AFB-4F8B-94D9-6DA1F58645AE}.Debug|Any CPU.Build.0 = Debug|Any CPU
		{66B38615-9AFB-4F8B-94D9-6DA1F58645AE}.Debug|ARM.ActiveCfg = Debug|Any CPU
		{66B38615-9AFB-4F8B-94D9-6DA1F58645AE}.Debug|ARM.Build.0 = Debug|Any CPU
		{66B38615-9AFB-4F8B-94D9-6DA1F58645AE}.Debug|iPhone.ActiveCfg = Debug|Any CPU
		{66B38615-9AFB-4F8B-94D9-6DA1F58645AE}.Debug|iPhone.Build.0 = Debug|Any CPU
		{66B38615-9AFB-4F8B-94D9-6DA1F58645AE}.Debug|iPhoneSimulator.ActiveCfg = Debug|Any CPU
		{66B38615-9AFB-4F8B-94D9-6DA1F58645AE}.Debug|iPhoneSimulator.Build.0 = Debug|Any CPU
		{66B38615-9AFB-4F8B-94D9-6DA1F58645AE}.Debug|x64.ActiveCfg = Debug|Any CPU
		{66B38615-9AFB-4F8B-94D9-6DA1F58645AE}.Debug|x64.Build.0 = Debug|Any CPU
		{66B38615-9AFB-4F8B-94D9-6DA1F58645AE}.Debug|x86.ActiveCfg = Debug|Any CPU
		{66B38615-9AFB-4F8B-94D9-6DA1F58645AE}.Debug|x86.Build.0 = Debug|Any CPU
		{66B38615-9AFB-4F8B-94D9-6DA1F58645AE}.Release|Any CPU.ActiveCfg = Release|Any CPU
		{66B38615-9AFB-4F8B-94D9-6DA1F58645AE}.Release|Any CPU.Build.0 = Release|Any CPU
		{66B38615-9AFB-4F8B-94D9-6DA1F58645AE}.Release|ARM.ActiveCfg = Release|Any CPU
		{66B38615-9AFB-4F8B-94D9-6DA1F58645AE}.Release|ARM.Build.0 = Release|Any CPU
		{66B38615-9AFB-4F8B-94D9-6DA1F58645AE}.Release|iPhone.ActiveCfg = Release|Any CPU
		{66B38615-9AFB-4F8B-94D9-6DA1F58645AE}.Release|iPhone.Build.0 = Release|Any CPU
		{66B38615-9AFB-4F8B-94D9-6DA1F58645AE}.Release|iPhoneSimulator.ActiveCfg = Release|Any CPU
		{66B38615-9AFB-4F8B-94D9-6DA1F58645AE}.Release|iPhoneSimulator.Build.0 = Release|Any CPU
		{66B38615-9AFB-4F8B-94D9-6DA1F58645AE}.Release|x64.ActiveCfg = Release|Any CPU
		{66B38615-9AFB-4F8B-94D9-6DA1F58645AE}.Release|x64.Build.0 = Release|Any CPU
		{66B38615-9AFB-4F8B-94D9-6DA1F58645AE}.Release|x86.ActiveCfg = Release|Any CPU
		{66B38615-9AFB-4F8B-94D9-6DA1F58645AE}.Release|x86.Build.0 = Release|Any CPU
		{318F2B09-1683-4850-94CC-883B688F570B}.Ad-Hoc|Any CPU.ActiveCfg = Release|Any CPU
		{318F2B09-1683-4850-94CC-883B688F570B}.Ad-Hoc|Any CPU.Build.0 = Release|Any CPU
		{318F2B09-1683-4850-94CC-883B688F570B}.Ad-Hoc|Any CPU.Deploy.0 = Release|Any CPU
		{318F2B09-1683-4850-94CC-883B688F570B}.Ad-Hoc|ARM.ActiveCfg = Release|Any CPU
		{318F2B09-1683-4850-94CC-883B688F570B}.Ad-Hoc|ARM.Build.0 = Release|Any CPU
		{318F2B09-1683-4850-94CC-883B688F570B}.Ad-Hoc|ARM.Deploy.0 = Release|Any CPU
		{318F2B09-1683-4850-94CC-883B688F570B}.Ad-Hoc|iPhone.ActiveCfg = Release|Any CPU
		{318F2B09-1683-4850-94CC-883B688F570B}.Ad-Hoc|iPhone.Build.0 = Release|Any CPU
		{318F2B09-1683-4850-94CC-883B688F570B}.Ad-Hoc|iPhone.Deploy.0 = Release|Any CPU
		{318F2B09-1683-4850-94CC-883B688F570B}.Ad-Hoc|iPhoneSimulator.ActiveCfg = Release|Any CPU
		{318F2B09-1683-4850-94CC-883B688F570B}.Ad-Hoc|iPhoneSimulator.Build.0 = Release|Any CPU
		{318F2B09-1683-4850-94CC-883B688F570B}.Ad-Hoc|iPhoneSimulator.Deploy.0 = Release|Any CPU
		{318F2B09-1683-4850-94CC-883B688F570B}.Ad-Hoc|x64.ActiveCfg = Release|Any CPU
		{318F2B09-1683-4850-94CC-883B688F570B}.Ad-Hoc|x64.Build.0 = Release|Any CPU
		{318F2B09-1683-4850-94CC-883B688F570B}.Ad-Hoc|x64.Deploy.0 = Release|Any CPU
		{318F2B09-1683-4850-94CC-883B688F570B}.Ad-Hoc|x86.ActiveCfg = Release|Any CPU
		{318F2B09-1683-4850-94CC-883B688F570B}.Ad-Hoc|x86.Build.0 = Release|Any CPU
		{318F2B09-1683-4850-94CC-883B688F570B}.Ad-Hoc|x86.Deploy.0 = Release|Any CPU
		{318F2B09-1683-4850-94CC-883B688F570B}.AppStore|Any CPU.ActiveCfg = Release|Any CPU
		{318F2B09-1683-4850-94CC-883B688F570B}.AppStore|Any CPU.Build.0 = Release|Any CPU
		{318F2B09-1683-4850-94CC-883B688F570B}.AppStore|Any CPU.Deploy.0 = Release|Any CPU
		{318F2B09-1683-4850-94CC-883B688F570B}.AppStore|ARM.ActiveCfg = Release|Any CPU
		{318F2B09-1683-4850-94CC-883B688F570B}.AppStore|ARM.Build.0 = Release|Any CPU
		{318F2B09-1683-4850-94CC-883B688F570B}.AppStore|ARM.Deploy.0 = Release|Any CPU
		{318F2B09-1683-4850-94CC-883B688F570B}.AppStore|iPhone.ActiveCfg = Release|Any CPU
		{318F2B09-1683-4850-94CC-883B688F570B}.AppStore|iPhone.Build.0 = Release|Any CPU
		{318F2B09-1683-4850-94CC-883B688F570B}.AppStore|iPhone.Deploy.0 = Release|Any CPU
		{318F2B09-1683-4850-94CC-883B688F570B}.AppStore|iPhoneSimulator.ActiveCfg = Release|Any CPU
		{318F2B09-1683-4850-94CC-883B688F570B}.AppStore|iPhoneSimulator.Build.0 = Release|Any CPU
		{318F2B09-1683-4850-94CC-883B688F570B}.AppStore|iPhoneSimulator.Deploy.0 = Release|Any CPU
		{318F2B09-1683-4850-94CC-883B688F570B}.AppStore|x64.ActiveCfg = Release|Any CPU
		{318F2B09-1683-4850-94CC-883B688F570B}.AppStore|x64.Build.0 = Release|Any CPU
		{318F2B09-1683-4850-94CC-883B688F570B}.AppStore|x64.Deploy.0 = Release|Any CPU
		{318F2B09-1683-4850-94CC-883B688F570B}.AppStore|x86.ActiveCfg = Release|Any CPU
		{318F2B09-1683-4850-94CC-883B688F570B}.AppStore|x86.Build.0 = Release|Any CPU
		{318F2B09-1683-4850-94CC-883B688F570B}.AppStore|x86.Deploy.0 = Release|Any CPU
		{318F2B09-1683-4850-94CC-883B688F570B}.Debug|Any CPU.ActiveCfg = Debug|Any CPU
		{318F2B09-1683-4850-94CC-883B688F570B}.Debug|Any CPU.Build.0 = Debug|Any CPU
		{318F2B09-1683-4850-94CC-883B688F570B}.Debug|Any CPU.Deploy.0 = Debug|Any CPU
		{318F2B09-1683-4850-94CC-883B688F570B}.Debug|ARM.ActiveCfg = Debug|Any CPU
		{318F2B09-1683-4850-94CC-883B688F570B}.Debug|ARM.Build.0 = Debug|Any CPU
		{318F2B09-1683-4850-94CC-883B688F570B}.Debug|ARM.Deploy.0 = Debug|Any CPU
		{318F2B09-1683-4850-94CC-883B688F570B}.Debug|iPhone.ActiveCfg = Debug|Any CPU
		{318F2B09-1683-4850-94CC-883B688F570B}.Debug|iPhone.Build.0 = Debug|Any CPU
		{318F2B09-1683-4850-94CC-883B688F570B}.Debug|iPhone.Deploy.0 = Debug|Any CPU
		{318F2B09-1683-4850-94CC-883B688F570B}.Debug|iPhoneSimulator.ActiveCfg = Debug|Any CPU
		{318F2B09-1683-4850-94CC-883B688F570B}.Debug|iPhoneSimulator.Build.0 = Debug|Any CPU
		{318F2B09-1683-4850-94CC-883B688F570B}.Debug|iPhoneSimulator.Deploy.0 = Debug|Any CPU
		{318F2B09-1683-4850-94CC-883B688F570B}.Debug|x64.ActiveCfg = Debug|Any CPU
		{318F2B09-1683-4850-94CC-883B688F570B}.Debug|x64.Build.0 = Debug|Any CPU
		{318F2B09-1683-4850-94CC-883B688F570B}.Debug|x64.Deploy.0 = Debug|Any CPU
		{318F2B09-1683-4850-94CC-883B688F570B}.Debug|x86.ActiveCfg = Debug|Any CPU
		{318F2B09-1683-4850-94CC-883B688F570B}.Debug|x86.Build.0 = Debug|Any CPU
		{318F2B09-1683-4850-94CC-883B688F570B}.Debug|x86.Deploy.0 = Debug|Any CPU
		{318F2B09-1683-4850-94CC-883B688F570B}.Release|Any CPU.ActiveCfg = Release|Any CPU
		{318F2B09-1683-4850-94CC-883B688F570B}.Release|Any CPU.Build.0 = Release|Any CPU
		{318F2B09-1683-4850-94CC-883B688F570B}.Release|Any CPU.Deploy.0 = Release|Any CPU
		{318F2B09-1683-4850-94CC-883B688F570B}.Release|ARM.ActiveCfg = Release|Any CPU
		{318F2B09-1683-4850-94CC-883B688F570B}.Release|ARM.Build.0 = Release|Any CPU
		{318F2B09-1683-4850-94CC-883B688F570B}.Release|ARM.Deploy.0 = Release|Any CPU
		{318F2B09-1683-4850-94CC-883B688F570B}.Release|iPhone.ActiveCfg = Release|Any CPU
		{318F2B09-1683-4850-94CC-883B688F570B}.Release|iPhone.Build.0 = Release|Any CPU
		{318F2B09-1683-4850-94CC-883B688F570B}.Release|iPhone.Deploy.0 = Release|Any CPU
		{318F2B09-1683-4850-94CC-883B688F570B}.Release|iPhoneSimulator.ActiveCfg = Release|Any CPU
		{318F2B09-1683-4850-94CC-883B688F570B}.Release|iPhoneSimulator.Build.0 = Release|Any CPU
		{318F2B09-1683-4850-94CC-883B688F570B}.Release|iPhoneSimulator.Deploy.0 = Release|Any CPU
		{318F2B09-1683-4850-94CC-883B688F570B}.Release|x64.ActiveCfg = Release|Any CPU
		{318F2B09-1683-4850-94CC-883B688F570B}.Release|x64.Build.0 = Release|Any CPU
		{318F2B09-1683-4850-94CC-883B688F570B}.Release|x64.Deploy.0 = Release|Any CPU
		{318F2B09-1683-4850-94CC-883B688F570B}.Release|x86.ActiveCfg = Release|Any CPU
		{318F2B09-1683-4850-94CC-883B688F570B}.Release|x86.Build.0 = Release|Any CPU
		{318F2B09-1683-4850-94CC-883B688F570B}.Release|x86.Deploy.0 = Release|Any CPU
		{72C4A921-2B90-463F-AB07-89D0CA102C79}.Ad-Hoc|Any CPU.ActiveCfg = Ad-Hoc|iPhone
		{72C4A921-2B90-463F-AB07-89D0CA102C79}.Ad-Hoc|ARM.ActiveCfg = Ad-Hoc|iPhone
		{72C4A921-2B90-463F-AB07-89D0CA102C79}.Ad-Hoc|iPhone.ActiveCfg = Ad-Hoc|iPhone
		{72C4A921-2B90-463F-AB07-89D0CA102C79}.Ad-Hoc|iPhone.Build.0 = Ad-Hoc|iPhone
		{72C4A921-2B90-463F-AB07-89D0CA102C79}.Ad-Hoc|iPhoneSimulator.ActiveCfg = Ad-Hoc|iPhoneSimulator
		{72C4A921-2B90-463F-AB07-89D0CA102C79}.Ad-Hoc|iPhoneSimulator.Build.0 = Ad-Hoc|iPhoneSimulator
		{72C4A921-2B90-463F-AB07-89D0CA102C79}.Ad-Hoc|x64.ActiveCfg = Ad-Hoc|iPhone
		{72C4A921-2B90-463F-AB07-89D0CA102C79}.Ad-Hoc|x86.ActiveCfg = Ad-Hoc|iPhone
		{72C4A921-2B90-463F-AB07-89D0CA102C79}.AppStore|Any CPU.ActiveCfg = AppStore|iPhone
		{72C4A921-2B90-463F-AB07-89D0CA102C79}.AppStore|ARM.ActiveCfg = AppStore|iPhone
		{72C4A921-2B90-463F-AB07-89D0CA102C79}.AppStore|iPhone.ActiveCfg = AppStore|iPhone
		{72C4A921-2B90-463F-AB07-89D0CA102C79}.AppStore|iPhone.Build.0 = AppStore|iPhone
		{72C4A921-2B90-463F-AB07-89D0CA102C79}.AppStore|iPhoneSimulator.ActiveCfg = AppStore|iPhoneSimulator
		{72C4A921-2B90-463F-AB07-89D0CA102C79}.AppStore|iPhoneSimulator.Build.0 = AppStore|iPhoneSimulator
		{72C4A921-2B90-463F-AB07-89D0CA102C79}.AppStore|x64.ActiveCfg = AppStore|iPhone
		{72C4A921-2B90-463F-AB07-89D0CA102C79}.AppStore|x86.ActiveCfg = AppStore|iPhone
		{72C4A921-2B90-463F-AB07-89D0CA102C79}.Debug|Any CPU.ActiveCfg = Debug|iPhone
		{72C4A921-2B90-463F-AB07-89D0CA102C79}.Debug|ARM.ActiveCfg = Debug|iPhone
		{72C4A921-2B90-463F-AB07-89D0CA102C79}.Debug|iPhone.ActiveCfg = Debug|iPhone
		{72C4A921-2B90-463F-AB07-89D0CA102C79}.Debug|iPhone.Build.0 = Debug|iPhone
		{72C4A921-2B90-463F-AB07-89D0CA102C79}.Debug|iPhoneSimulator.ActiveCfg = Debug|iPhoneSimulator
		{72C4A921-2B90-463F-AB07-89D0CA102C79}.Debug|iPhoneSimulator.Build.0 = Debug|iPhoneSimulator
		{72C4A921-2B90-463F-AB07-89D0CA102C79}.Debug|x64.ActiveCfg = Debug|iPhone
		{72C4A921-2B90-463F-AB07-89D0CA102C79}.Debug|x86.ActiveCfg = Debug|iPhone
		{72C4A921-2B90-463F-AB07-89D0CA102C79}.Release|Any CPU.ActiveCfg = Release|iPhone
		{72C4A921-2B90-463F-AB07-89D0CA102C79}.Release|ARM.ActiveCfg = Release|iPhone
		{72C4A921-2B90-463F-AB07-89D0CA102C79}.Release|iPhone.ActiveCfg = Release|iPhone
		{72C4A921-2B90-463F-AB07-89D0CA102C79}.Release|iPhone.Build.0 = Release|iPhone
		{72C4A921-2B90-463F-AB07-89D0CA102C79}.Release|iPhoneSimulator.ActiveCfg = Release|iPhoneSimulator
		{72C4A921-2B90-463F-AB07-89D0CA102C79}.Release|iPhoneSimulator.Build.0 = Release|iPhoneSimulator
		{72C4A921-2B90-463F-AB07-89D0CA102C79}.Release|x64.ActiveCfg = Release|iPhone
		{72C4A921-2B90-463F-AB07-89D0CA102C79}.Release|x86.ActiveCfg = Release|iPhone
		{B69B65EC-EF76-4C23-BE76-2F25CBF2B566}.Ad-Hoc|Any CPU.ActiveCfg = Release|x86
		{B69B65EC-EF76-4C23-BE76-2F25CBF2B566}.Ad-Hoc|Any CPU.Build.0 = Release|x86
		{B69B65EC-EF76-4C23-BE76-2F25CBF2B566}.Ad-Hoc|Any CPU.Deploy.0 = Release|x86
		{B69B65EC-EF76-4C23-BE76-2F25CBF2B566}.Ad-Hoc|ARM.ActiveCfg = Release|ARM
		{B69B65EC-EF76-4C23-BE76-2F25CBF2B566}.Ad-Hoc|ARM.Build.0 = Release|ARM
		{B69B65EC-EF76-4C23-BE76-2F25CBF2B566}.Ad-Hoc|ARM.Deploy.0 = Release|ARM
		{B69B65EC-EF76-4C23-BE76-2F25CBF2B566}.Ad-Hoc|iPhone.ActiveCfg = Release|x86
		{B69B65EC-EF76-4C23-BE76-2F25CBF2B566}.Ad-Hoc|iPhone.Build.0 = Release|x86
		{B69B65EC-EF76-4C23-BE76-2F25CBF2B566}.Ad-Hoc|iPhone.Deploy.0 = Release|x86
		{B69B65EC-EF76-4C23-BE76-2F25CBF2B566}.Ad-Hoc|iPhoneSimulator.ActiveCfg = Release|x86
		{B69B65EC-EF76-4C23-BE76-2F25CBF2B566}.Ad-Hoc|iPhoneSimulator.Build.0 = Release|x86
		{B69B65EC-EF76-4C23-BE76-2F25CBF2B566}.Ad-Hoc|iPhoneSimulator.Deploy.0 = Release|x86
		{B69B65EC-EF76-4C23-BE76-2F25CBF2B566}.Ad-Hoc|x64.ActiveCfg = Release|x64
		{B69B65EC-EF76-4C23-BE76-2F25CBF2B566}.Ad-Hoc|x64.Build.0 = Release|x64
		{B69B65EC-EF76-4C23-BE76-2F25CBF2B566}.Ad-Hoc|x64.Deploy.0 = Release|x64
		{B69B65EC-EF76-4C23-BE76-2F25CBF2B566}.Ad-Hoc|x86.ActiveCfg = Release|x86
		{B69B65EC-EF76-4C23-BE76-2F25CBF2B566}.Ad-Hoc|x86.Build.0 = Release|x86
		{B69B65EC-EF76-4C23-BE76-2F25CBF2B566}.Ad-Hoc|x86.Deploy.0 = Release|x86
		{B69B65EC-EF76-4C23-BE76-2F25CBF2B566}.AppStore|Any CPU.ActiveCfg = Release|x86
		{B69B65EC-EF76-4C23-BE76-2F25CBF2B566}.AppStore|Any CPU.Build.0 = Release|x86
		{B69B65EC-EF76-4C23-BE76-2F25CBF2B566}.AppStore|Any CPU.Deploy.0 = Release|x86
		{B69B65EC-EF76-4C23-BE76-2F25CBF2B566}.AppStore|ARM.ActiveCfg = Release|ARM
		{B69B65EC-EF76-4C23-BE76-2F25CBF2B566}.AppStore|ARM.Build.0 = Release|ARM
		{B69B65EC-EF76-4C23-BE76-2F25CBF2B566}.AppStore|ARM.Deploy.0 = Release|ARM
		{B69B65EC-EF76-4C23-BE76-2F25CBF2B566}.AppStore|iPhone.ActiveCfg = Release|x86
		{B69B65EC-EF76-4C23-BE76-2F25CBF2B566}.AppStore|iPhone.Build.0 = Release|x86
		{B69B65EC-EF76-4C23-BE76-2F25CBF2B566}.AppStore|iPhone.Deploy.0 = Release|x86
		{B69B65EC-EF76-4C23-BE76-2F25CBF2B566}.AppStore|iPhoneSimulator.ActiveCfg = Release|x86
		{B69B65EC-EF76-4C23-BE76-2F25CBF2B566}.AppStore|iPhoneSimulator.Build.0 = Release|x86
		{B69B65EC-EF76-4C23-BE76-2F25CBF2B566}.AppStore|iPhoneSimulator.Deploy.0 = Release|x86
		{B69B65EC-EF76-4C23-BE76-2F25CBF2B566}.AppStore|x64.ActiveCfg = Release|x64
		{B69B65EC-EF76-4C23-BE76-2F25CBF2B566}.AppStore|x64.Build.0 = Release|x64
		{B69B65EC-EF76-4C23-BE76-2F25CBF2B566}.AppStore|x64.Deploy.0 = Release|x64
		{B69B65EC-EF76-4C23-BE76-2F25CBF2B566}.AppStore|x86.ActiveCfg = Release|x86
		{B69B65EC-EF76-4C23-BE76-2F25CBF2B566}.AppStore|x86.Build.0 = Release|x86
		{B69B65EC-EF76-4C23-BE76-2F25CBF2B566}.AppStore|x86.Deploy.0 = Release|x86
		{B69B65EC-EF76-4C23-BE76-2F25CBF2B566}.Debug|Any CPU.ActiveCfg = Debug|x86
		{B69B65EC-EF76-4C23-BE76-2F25CBF2B566}.Debug|Any CPU.Build.0 = Debug|x86
		{B69B65EC-EF76-4C23-BE76-2F25CBF2B566}.Debug|Any CPU.Deploy.0 = Debug|x86
		{B69B65EC-EF76-4C23-BE76-2F25CBF2B566}.Debug|ARM.ActiveCfg = Debug|ARM
		{B69B65EC-EF76-4C23-BE76-2F25CBF2B566}.Debug|ARM.Build.0 = Debug|ARM
		{B69B65EC-EF76-4C23-BE76-2F25CBF2B566}.Debug|ARM.Deploy.0 = Debug|ARM
		{B69B65EC-EF76-4C23-BE76-2F25CBF2B566}.Debug|iPhone.ActiveCfg = Debug|x86
		{B69B65EC-EF76-4C23-BE76-2F25CBF2B566}.Debug|iPhoneSimulator.ActiveCfg = Debug|x86
		{B69B65EC-EF76-4C23-BE76-2F25CBF2B566}.Debug|x64.ActiveCfg = Debug|x64
		{B69B65EC-EF76-4C23-BE76-2F25CBF2B566}.Debug|x64.Build.0 = Debug|x64
		{B69B65EC-EF76-4C23-BE76-2F25CBF2B566}.Debug|x64.Deploy.0 = Debug|x64
		{B69B65EC-EF76-4C23-BE76-2F25CBF2B566}.Debug|x86.ActiveCfg = Debug|x86
		{B69B65EC-EF76-4C23-BE76-2F25CBF2B566}.Debug|x86.Build.0 = Debug|x86
		{B69B65EC-EF76-4C23-BE76-2F25CBF2B566}.Debug|x86.Deploy.0 = Debug|x86
		{B69B65EC-EF76-4C23-BE76-2F25CBF2B566}.Release|Any CPU.ActiveCfg = Release|x86
		{B69B65EC-EF76-4C23-BE76-2F25CBF2B566}.Release|ARM.ActiveCfg = Release|ARM
		{B69B65EC-EF76-4C23-BE76-2F25CBF2B566}.Release|ARM.Build.0 = Release|ARM
		{B69B65EC-EF76-4C23-BE76-2F25CBF2B566}.Release|ARM.Deploy.0 = Release|ARM
		{B69B65EC-EF76-4C23-BE76-2F25CBF2B566}.Release|iPhone.ActiveCfg = Release|x86
		{B69B65EC-EF76-4C23-BE76-2F25CBF2B566}.Release|iPhoneSimulator.ActiveCfg = Release|x86
		{B69B65EC-EF76-4C23-BE76-2F25CBF2B566}.Release|x64.ActiveCfg = Release|x64
		{B69B65EC-EF76-4C23-BE76-2F25CBF2B566}.Release|x64.Build.0 = Release|x64
		{B69B65EC-EF76-4C23-BE76-2F25CBF2B566}.Release|x64.Deploy.0 = Release|x64
		{B69B65EC-EF76-4C23-BE76-2F25CBF2B566}.Release|x86.ActiveCfg = Release|x86
		{B69B65EC-EF76-4C23-BE76-2F25CBF2B566}.Release|x86.Build.0 = Release|x86
		{B69B65EC-EF76-4C23-BE76-2F25CBF2B566}.Release|x86.Deploy.0 = Release|x86
	EndGlobalSection
	GlobalSection(SolutionProperties) = preSolution
		HideSolutionNode = FALSE
	EndGlobalSection
EndGlobal
