
Microsoft Visual Studio Solution File, Format Version 12.00
# Visual Studio 15
VisualStudioVersion = 15.0.26430.13
MinimumVisualStudioVersion = 10.0.40219.1
Project("{FAE04EC0-301F-11D3-BF4B-00C04F79EFBC}") = "XF_Phoneword.Android", "XF_Phoneword\XF_Phoneword.Android\XF_Phoneword.Android.csproj", "{20EC61EE-F39D-4E5E-8FB9-3A02300098CB}"
EndProject
Project("{FAE04EC0-301F-11D3-BF4B-00C04F79EFBC}") = "XF_Phoneword", "XF_Phoneword\XF_Phoneword\XF_Phoneword.csproj", "{3A0ED07F-88DE-447C-9F96-19675E2FDF76}"
EndProject
Project("{FAE04EC0-301F-11D3-BF4B-00C04F79EFBC}") = "XF_Phoneword.UWP", "XF_Phoneword\XF_Phoneword.UWP\XF_Phoneword.UWP.csproj", "{1A9D44CF-B546-4A1A-8D6F-8FE511D8AF27}"
EndProject
Project("{FAE04EC0-301F-11D3-BF4B-00C04F79EFBC}") = "XF_Phoneword.iOS", "XF_Phoneword\XF_Phoneword.iOS\XF_Phoneword.iOS.csproj", "{6F1FC83B-492C-4271-8875-9F62556F7B6D}"
EndProject
Global
	GlobalSection(SolutionConfigurationPlatforms) = preSolution
		Ad-Hoc|Any CPU = Ad-Hoc|Any CPU
		Ad-Hoc|ARM = Ad-Hoc|ARM
		Ad-Hoc|iPhone = Ad-Hoc|iPhone
		Ad-Hoc|iPhoneSimulator = Ad-Hoc|iPhoneSimulator
		Ad-Hoc|x64 = Ad-Hoc|x64
		Ad-Hoc|x86 = Ad-Hoc|x86
		AppStore|Any CPU = AppStore|Any CPU
		AppStore|ARM = AppStore|ARM
		AppStore|iPhone = AppStore|iPhone
		AppStore|iPhoneSimulator = AppStore|iPhoneSimulator
		AppStore|x64 = AppStore|x64
		AppStore|x86 = AppStore|x86
		Debug|Any CPU = Debug|Any CPU
		Debug|ARM = Debug|ARM
		Debug|iPhone = Debug|iPhone
		Debug|iPhoneSimulator = Debug|iPhoneSimulator
		Debug|x64 = Debug|x64
		Debug|x86 = Debug|x86
		Release|Any CPU = Release|Any CPU
		Release|ARM = Release|ARM
		Release|iPhone = Release|iPhone
		Release|iPhoneSimulator = Release|iPhoneSimulator
		Release|x64 = Release|x64
		Release|x86 = Release|x86
	EndGlobalSection
	GlobalSection(ProjectConfigurationPlatforms) = postSolution
		{20EC61EE-F39D-4E5E-8FB9-3A02300098CB}.Ad-Hoc|Any CPU.ActiveCfg = Release|Any CPU
		{20EC61EE-F39D-4E5E-8FB9-3A02300098CB}.Ad-Hoc|Any CPU.Build.0 = Release|Any CPU
		{20EC61EE-F39D-4E5E-8FB9-3A02300098CB}.Ad-Hoc|Any CPU.Deploy.0 = Release|Any CPU
		{20EC61EE-F39D-4E5E-8FB9-3A02300098CB}.Ad-Hoc|ARM.ActiveCfg = Release|Any CPU
		{20EC61EE-F39D-4E5E-8FB9-3A02300098CB}.Ad-Hoc|ARM.Build.0 = Release|Any CPU
		{20EC61EE-F39D-4E5E-8FB9-3A02300098CB}.Ad-Hoc|ARM.Deploy.0 = Release|Any CPU
		{20EC61EE-F39D-4E5E-8FB9-3A02300098CB}.Ad-Hoc|iPhone.ActiveCfg = Release|Any CPU
		{20EC61EE-F39D-4E5E-8FB9-3A02300098CB}.Ad-Hoc|iPhone.Build.0 = Release|Any CPU
		{20EC61EE-F39D-4E5E-8FB9-3A02300098CB}.Ad-Hoc|iPhone.Deploy.0 = Release|Any CPU
		{20EC61EE-F39D-4E5E-8FB9-3A02300098CB}.Ad-Hoc|iPhoneSimulator.ActiveCfg = Release|Any CPU
		{20EC61EE-F39D-4E5E-8FB9-3A02300098CB}.Ad-Hoc|iPhoneSimulator.Build.0 = Release|Any CPU
		{20EC61EE-F39D-4E5E-8FB9-3A02300098CB}.Ad-Hoc|iPhoneSimulator.Deploy.0 = Release|Any CPU
		{20EC61EE-F39D-4E5E-8FB9-3A02300098CB}.Ad-Hoc|x64.ActiveCfg = Release|Any CPU
		{20EC61EE-F39D-4E5E-8FB9-3A02300098CB}.Ad-Hoc|x64.Build.0 = Release|Any CPU
		{20EC61EE-F39D-4E5E-8FB9-3A02300098CB}.Ad-Hoc|x64.Deploy.0 = Release|Any CPU
		{20EC61EE-F39D-4E5E-8FB9-3A02300098CB}.Ad-Hoc|x86.ActiveCfg = Release|Any CPU
		{20EC61EE-F39D-4E5E-8FB9-3A02300098CB}.Ad-Hoc|x86.Build.0 = Release|Any CPU
		{20EC61EE-F39D-4E5E-8FB9-3A02300098CB}.Ad-Hoc|x86.Deploy.0 = Release|Any CPU
		{20EC61EE-F39D-4E5E-8FB9-3A02300098CB}.AppStore|Any CPU.ActiveCfg = Release|Any CPU
		{20EC61EE-F39D-4E5E-8FB9-3A02300098CB}.AppStore|Any CPU.Build.0 = Release|Any CPU
		{20EC61EE-F39D-4E5E-8FB9-3A02300098CB}.AppStore|Any CPU.Deploy.0 = Release|Any CPU
		{20EC61EE-F39D-4E5E-8FB9-3A02300098CB}.AppStore|ARM.ActiveCfg = Release|Any CPU
		{20EC61EE-F39D-4E5E-8FB9-3A02300098CB}.AppStore|ARM.Build.0 = Release|Any CPU
		{20EC61EE-F39D-4E5E-8FB9-3A02300098CB}.AppStore|ARM.Deploy.0 = Release|Any CPU
		{20EC61EE-F39D-4E5E-8FB9-3A02300098CB}.AppStore|iPhone.ActiveCfg = Release|Any CPU
		{20EC61EE-F39D-4E5E-8FB9-3A02300098CB}.AppStore|iPhone.Build.0 = Release|Any CPU
		{20EC61EE-F39D-4E5E-8FB9-3A02300098CB}.AppStore|iPhone.Deploy.0 = Release|Any CPU
		{20EC61EE-F39D-4E5E-8FB9-3A02300098CB}.AppStore|iPhoneSimulator.ActiveCfg = Release|Any CPU
		{20EC61EE-F39D-4E5E-8FB9-3A02300098CB}.AppStore|iPhoneSimulator.Build.0 = Release|Any CPU
		{20EC61EE-F39D-4E5E-8FB9-3A02300098CB}.AppStore|iPhoneSimulator.Deploy.0 = Release|Any CPU
		{20EC61EE-F39D-4E5E-8FB9-3A02300098CB}.AppStore|x64.ActiveCfg = Release|Any CPU
		{20EC61EE-F39D-4E5E-8FB9-3A02300098CB}.AppStore|x64.Build.0 = Release|Any CPU
		{20EC61EE-F39D-4E5E-8FB9-3A02300098CB}.AppStore|x64.Deploy.0 = Release|Any CPU
		{20EC61EE-F39D-4E5E-8FB9-3A02300098CB}.AppStore|x86.ActiveCfg = Release|Any CPU
		{20EC61EE-F39D-4E5E-8FB9-3A02300098CB}.AppStore|x86.Build.0 = Release|Any CPU
		{20EC61EE-F39D-4E5E-8FB9-3A02300098CB}.AppStore|x86.Deploy.0 = Release|Any CPU
		{20EC61EE-F39D-4E5E-8FB9-3A02300098CB}.Debug|Any CPU.ActiveCfg = Debug|Any CPU
		{20EC61EE-F39D-4E5E-8FB9-3A02300098CB}.Debug|Any CPU.Build.0 = Debug|Any CPU
		{20EC61EE-F39D-4E5E-8FB9-3A02300098CB}.Debug|Any CPU.Deploy.0 = Debug|Any CPU
		{20EC61EE-F39D-4E5E-8FB9-3A02300098CB}.Debug|ARM.ActiveCfg = Debug|Any CPU
		{20EC61EE-F39D-4E5E-8FB9-3A02300098CB}.Debug|ARM.Build.0 = Debug|Any CPU
		{20EC61EE-F39D-4E5E-8FB9-3A02300098CB}.Debug|ARM.Deploy.0 = Debug|Any CPU
		{20EC61EE-F39D-4E5E-8FB9-3A02300098CB}.Debug|iPhone.ActiveCfg = Debug|Any CPU
		{20EC61EE-F39D-4E5E-8FB9-3A02300098CB}.Debug|iPhone.Build.0 = Debug|Any CPU
		{20EC61EE-F39D-4E5E-8FB9-3A02300098CB}.Debug|iPhone.Deploy.0 = Debug|Any CPU
		{20EC61EE-F39D-4E5E-8FB9-3A02300098CB}.Debug|iPhoneSimulator.ActiveCfg = Debug|Any CPU
		{20EC61EE-F39D-4E5E-8FB9-3A02300098CB}.Debug|iPhoneSimulator.Build.0 = Debug|Any CPU
		{20EC61EE-F39D-4E5E-8FB9-3A02300098CB}.Debug|iPhoneSimulator.Deploy.0 = Debug|Any CPU
		{20EC61EE-F39D-4E5E-8FB9-3A02300098CB}.Debug|x64.ActiveCfg = Debug|Any CPU
		{20EC61EE-F39D-4E5E-8FB9-3A02300098CB}.Debug|x64.Build.0 = Debug|Any CPU
		{20EC61EE-F39D-4E5E-8FB9-3A02300098CB}.Debug|x64.Deploy.0 = Debug|Any CPU
		{20EC61EE-F39D-4E5E-8FB9-3A02300098CB}.Debug|x86.ActiveCfg = Debug|Any CPU
		{20EC61EE-F39D-4E5E-8FB9-3A02300098CB}.Debug|x86.Build.0 = Debug|Any CPU
		{20EC61EE-F39D-4E5E-8FB9-3A02300098CB}.Debug|x86.Deploy.0 = Debug|Any CPU
		{20EC61EE-F39D-4E5E-8FB9-3A02300098CB}.Release|Any CPU.ActiveCfg = Release|Any CPU
		{20EC61EE-F39D-4E5E-8FB9-3A02300098CB}.Release|Any CPU.Build.0 = Release|Any CPU
		{20EC61EE-F39D-4E5E-8FB9-3A02300098CB}.Release|Any CPU.Deploy.0 = Release|Any CPU
		{20EC61EE-F39D-4E5E-8FB9-3A02300098CB}.Release|ARM.ActiveCfg = Release|Any CPU
		{20EC61EE-F39D-4E5E-8FB9-3A02300098CB}.Release|ARM.Build.0 = Release|Any CPU
		{20EC61EE-F39D-4E5E-8FB9-3A02300098CB}.Release|ARM.Deploy.0 = Release|Any CPU
		{20EC61EE-F39D-4E5E-8FB9-3A02300098CB}.Release|iPhone.ActiveCfg = Release|Any CPU
		{20EC61EE-F39D-4E5E-8FB9-3A02300098CB}.Release|iPhone.Build.0 = Release|Any CPU
		{20EC61EE-F39D-4E5E-8FB9-3A02300098CB}.Release|iPhone.Deploy.0 = Release|Any CPU
		{20EC61EE-F39D-4E5E-8FB9-3A02300098CB}.Release|iPhoneSimulator.ActiveCfg = Release|Any CPU
		{20EC61EE-F39D-4E5E-8FB9-3A02300098CB}.Release|iPhoneSimulator.Build.0 = Release|Any CPU
		{20EC61EE-F39D-4E5E-8FB9-3A02300098CB}.Release|iPhoneSimulator.Deploy.0 = Release|Any CPU
		{20EC61EE-F39D-4E5E-8FB9-3A02300098CB}.Release|x64.ActiveCfg = Release|Any CPU
		{20EC61EE-F39D-4E5E-8FB9-3A02300098CB}.Release|x64.Build.0 = Release|Any CPU
		{20EC61EE-F39D-4E5E-8FB9-3A02300098CB}.Release|x64.Deploy.0 = Release|Any CPU
		{20EC61EE-F39D-4E5E-8FB9-3A02300098CB}.Release|x86.ActiveCfg = Release|Any CPU
		{20EC61EE-F39D-4E5E-8FB9-3A02300098CB}.Release|x86.Build.0 = Release|Any CPU
		{20EC61EE-F39D-4E5E-8FB9-3A02300098CB}.Release|x86.Deploy.0 = Release|Any CPU
		{3A0ED07F-88DE-447C-9F96-19675E2FDF76}.Ad-Hoc|Any CPU.ActiveCfg = Release|Any CPU
		{3A0ED07F-88DE-447C-9F96-19675E2FDF76}.Ad-Hoc|Any CPU.Build.0 = Release|Any CPU
		{3A0ED07F-88DE-447C-9F96-19675E2FDF76}.Ad-Hoc|ARM.ActiveCfg = Release|Any CPU
		{3A0ED07F-88DE-447C-9F96-19675E2FDF76}.Ad-Hoc|ARM.Build.0 = Release|Any CPU
		{3A0ED07F-88DE-447C-9F96-19675E2FDF76}.Ad-Hoc|iPhone.ActiveCfg = Release|Any CPU
		{3A0ED07F-88DE-447C-9F96-19675E2FDF76}.Ad-Hoc|iPhone.Build.0 = Release|Any CPU
		{3A0ED07F-88DE-447C-9F96-19675E2FDF76}.Ad-Hoc|iPhoneSimulator.ActiveCfg = Release|Any CPU
		{3A0ED07F-88DE-447C-9F96-19675E2FDF76}.Ad-Hoc|iPhoneSimulator.Build.0 = Release|Any CPU
		{3A0ED07F-88DE-447C-9F96-19675E2FDF76}.Ad-Hoc|x64.ActiveCfg = Release|Any CPU
		{3A0ED07F-88DE-447C-9F96-19675E2FDF76}.Ad-Hoc|x64.Build.0 = Release|Any CPU
		{3A0ED07F-88DE-447C-9F96-19675E2FDF76}.Ad-Hoc|x86.ActiveCfg = Release|Any CPU
		{3A0ED07F-88DE-447C-9F96-19675E2FDF76}.Ad-Hoc|x86.Build.0 = Release|Any CPU
		{3A0ED07F-88DE-447C-9F96-19675E2FDF76}.AppStore|Any CPU.ActiveCfg = Release|Any CPU
		{3A0ED07F-88DE-447C-9F96-19675E2FDF76}.AppStore|Any CPU.Build.0 = Release|Any CPU
		{3A0ED07F-88DE-447C-9F96-19675E2FDF76}.AppStore|ARM.ActiveCfg = Release|Any CPU
		{3A0ED07F-88DE-447C-9F96-19675E2FDF76}.AppStore|ARM.Build.0 = Release|Any CPU
		{3A0ED07F-88DE-447C-9F96-19675E2FDF76}.AppStore|iPhone.ActiveCfg = Release|Any CPU
		{3A0ED07F-88DE-447C-9F96-19675E2FDF76}.AppStore|iPhone.Build.0 = Release|Any CPU
		{3A0ED07F-88DE-447C-9F96-19675E2FDF76}.AppStore|iPhoneSimulator.ActiveCfg = Release|Any CPU
		{3A0ED07F-88DE-447C-9F96-19675E2FDF76}.AppStore|iPhoneSimulator.Build.0 = Release|Any CPU
		{3A0ED07F-88DE-447C-9F96-19675E2FDF76}.AppStore|x64.ActiveCfg = Release|Any CPU
		{3A0ED07F-88DE-447C-9F96-19675E2FDF76}.AppStore|x64.Build.0 = Release|Any CPU
		{3A0ED07F-88DE-447C-9F96-19675E2FDF76}.AppStore|x86.ActiveCfg = Release|Any CPU
		{3A0ED07F-88DE-447C-9F96-19675E2FDF76}.AppStore|x86.Build.0 = Release|Any CPU
		{3A0ED07F-88DE-447C-9F96-19675E2FDF76}.Debug|Any CPU.ActiveCfg = Debug|Any CPU
		{3A0ED07F-88DE-447C-9F96-19675E2FDF76}.Debug|Any CPU.Build.0 = Debug|Any CPU
		{3A0ED07F-88DE-447C-9F96-19675E2FDF76}.Debug|ARM.ActiveCfg = Debug|Any CPU
		{3A0ED07F-88DE-447C-9F96-19675E2FDF76}.Debug|ARM.Build.0 = Debug|Any CPU
		{3A0ED07F-88DE-447C-9F96-19675E2FDF76}.Debug|iPhone.ActiveCfg = Debug|Any CPU
		{3A0ED07F-88DE-447C-9F96-19675E2FDF76}.Debug|iPhone.Build.0 = Debug|Any CPU
		{3A0ED07F-88DE-447C-9F96-19675E2FDF76}.Debug|iPhoneSimulator.ActiveCfg = Debug|Any CPU
		{3A0ED07F-88DE-447C-9F96-19675E2FDF76}.Debug|iPhoneSimulator.Build.0 = Debug|Any CPU
		{3A0ED07F-88DE-447C-9F96-19675E2FDF76}.Debug|x64.ActiveCfg = Debug|Any CPU
		{3A0ED07F-88DE-447C-9F96-19675E2FDF76}.Debug|x64.Build.0 = Debug|Any CPU
		{3A0ED07F-88DE-447C-9F96-19675E2FDF76}.Debug|x86.ActiveCfg = Debug|Any CPU
		{3A0ED07F-88DE-447C-9F96-19675E2FDF76}.Debug|x86.Build.0 = Debug|Any CPU
		{3A0ED07F-88DE-447C-9F96-19675E2FDF76}.Release|Any CPU.ActiveCfg = Release|Any CPU
		{3A0ED07F-88DE-447C-9F96-19675E2FDF76}.Release|Any CPU.Build.0 = Release|Any CPU
		{3A0ED07F-88DE-447C-9F96-19675E2FDF76}.Release|ARM.ActiveCfg = Release|Any CPU
		{3A0ED07F-88DE-447C-9F96-19675E2FDF76}.Release|ARM.Build.0 = Release|Any CPU
		{3A0ED07F-88DE-447C-9F96-19675E2FDF76}.Release|iPhone.ActiveCfg = Release|Any CPU
		{3A0ED07F-88DE-447C-9F96-19675E2FDF76}.Release|iPhone.Build.0 = Release|Any CPU
		{3A0ED07F-88DE-447C-9F96-19675E2FDF76}.Release|iPhoneSimulator.ActiveCfg = Release|Any CPU
		{3A0ED07F-88DE-447C-9F96-19675E2FDF76}.Release|iPhoneSimulator.Build.0 = Release|Any CPU
		{3A0ED07F-88DE-447C-9F96-19675E2FDF76}.Release|x64.ActiveCfg = Release|Any CPU
		{3A0ED07F-88DE-447C-9F96-19675E2FDF76}.Release|x64.Build.0 = Release|Any CPU
		{3A0ED07F-88DE-447C-9F96-19675E2FDF76}.Release|x86.ActiveCfg = Release|Any CPU
		{3A0ED07F-88DE-447C-9F96-19675E2FDF76}.Release|x86.Build.0 = Release|Any CPU
		{1A9D44CF-B546-4A1A-8D6F-8FE511D8AF27}.Ad-Hoc|Any CPU.ActiveCfg = Release|x86
		{1A9D44CF-B546-4A1A-8D6F-8FE511D8AF27}.Ad-Hoc|Any CPU.Build.0 = Release|x86
		{1A9D44CF-B546-4A1A-8D6F-8FE511D8AF27}.Ad-Hoc|Any CPU.Deploy.0 = Release|x86
		{1A9D44CF-B546-4A1A-8D6F-8FE511D8AF27}.Ad-Hoc|ARM.ActiveCfg = Release|ARM
		{1A9D44CF-B546-4A1A-8D6F-8FE511D8AF27}.Ad-Hoc|ARM.Build.0 = Release|ARM
		{1A9D44CF-B546-4A1A-8D6F-8FE511D8AF27}.Ad-Hoc|ARM.Deploy.0 = Release|ARM
		{1A9D44CF-B546-4A1A-8D6F-8FE511D8AF27}.Ad-Hoc|iPhone.ActiveCfg = Release|x86
		{1A9D44CF-B546-4A1A-8D6F-8FE511D8AF27}.Ad-Hoc|iPhone.Build.0 = Release|x86
		{1A9D44CF-B546-4A1A-8D6F-8FE511D8AF27}.Ad-Hoc|iPhone.Deploy.0 = Release|x86
		{1A9D44CF-B546-4A1A-8D6F-8FE511D8AF27}.Ad-Hoc|iPhoneSimulator.ActiveCfg = Release|x86
		{1A9D44CF-B546-4A1A-8D6F-8FE511D8AF27}.Ad-Hoc|iPhoneSimulator.Build.0 = Release|x86
		{1A9D44CF-B546-4A1A-8D6F-8FE511D8AF27}.Ad-Hoc|iPhoneSimulator.Deploy.0 = Release|x86
		{1A9D44CF-B546-4A1A-8D6F-8FE511D8AF27}.Ad-Hoc|x64.ActiveCfg = Release|x64
		{1A9D44CF-B546-4A1A-8D6F-8FE511D8AF27}.Ad-Hoc|x64.Build.0 = Release|x64
		{1A9D44CF-B546-4A1A-8D6F-8FE511D8AF27}.Ad-Hoc|x64.Deploy.0 = Release|x64
		{1A9D44CF-B546-4A1A-8D6F-8FE511D8AF27}.Ad-Hoc|x86.ActiveCfg = Release|x86
		{1A9D44CF-B546-4A1A-8D6F-8FE511D8AF27}.Ad-Hoc|x86.Build.0 = Release|x86
		{1A9D44CF-B546-4A1A-8D6F-8FE511D8AF27}.Ad-Hoc|x86.Deploy.0 = Release|x86
		{1A9D44CF-B546-4A1A-8D6F-8FE511D8AF27}.AppStore|Any CPU.ActiveCfg = Release|x86
		{1A9D44CF-B546-4A1A-8D6F-8FE511D8AF27}.AppStore|Any CPU.Build.0 = Release|x86
		{1A9D44CF-B546-4A1A-8D6F-8FE511D8AF27}.AppStore|Any CPU.Deploy.0 = Release|x86
		{1A9D44CF-B546-4A1A-8D6F-8FE511D8AF27}.AppStore|ARM.ActiveCfg = Release|ARM
		{1A9D44CF-B546-4A1A-8D6F-8FE511D8AF27}.AppStore|ARM.Build.0 = Release|ARM
		{1A9D44CF-B546-4A1A-8D6F-8FE511D8AF27}.AppStore|ARM.Deploy.0 = Release|ARM
		{1A9D44CF-B546-4A1A-8D6F-8FE511D8AF27}.AppStore|iPhone.ActiveCfg = Release|x86
		{1A9D44CF-B546-4A1A-8D6F-8FE511D8AF27}.AppStore|iPhone.Build.0 = Release|x86
		{1A9D44CF-B546-4A1A-8D6F-8FE511D8AF27}.AppStore|iPhone.Deploy.0 = Release|x86
		{1A9D44CF-B546-4A1A-8D6F-8FE511D8AF27}.AppStore|iPhoneSimulator.ActiveCfg = Release|x86
		{1A9D44CF-B546-4A1A-8D6F-8FE511D8AF27}.AppStore|iPhoneSimulator.Build.0 = Release|x86
		{1A9D44CF-B546-4A1A-8D6F-8FE511D8AF27}.AppStore|iPhoneSimulator.Deploy.0 = Release|x86
		{1A9D44CF-B546-4A1A-8D6F-8FE511D8AF27}.AppStore|x64.ActiveCfg = Release|x64
		{1A9D44CF-B546-4A1A-8D6F-8FE511D8AF27}.AppStore|x64.Build.0 = Release|x64
		{1A9D44CF-B546-4A1A-8D6F-8FE511D8AF27}.AppStore|x64.Deploy.0 = Release|x64
		{1A9D44CF-B546-4A1A-8D6F-8FE511D8AF27}.AppStore|x86.ActiveCfg = Release|x86
		{1A9D44CF-B546-4A1A-8D6F-8FE511D8AF27}.AppStore|x86.Build.0 = Release|x86
		{1A9D44CF-B546-4A1A-8D6F-8FE511D8AF27}.AppStore|x86.Deploy.0 = Release|x86
		{1A9D44CF-B546-4A1A-8D6F-8FE511D8AF27}.Debug|Any CPU.ActiveCfg = Debug|x86
		{1A9D44CF-B546-4A1A-8D6F-8FE511D8AF27}.Debug|ARM.ActiveCfg = Debug|ARM
		{1A9D44CF-B546-4A1A-8D6F-8FE511D8AF27}.Debug|ARM.Build.0 = Debug|ARM
		{1A9D44CF-B546-4A1A-8D6F-8FE511D8AF27}.Debug|ARM.Deploy.0 = Debug|ARM
		{1A9D44CF-B546-4A1A-8D6F-8FE511D8AF27}.Debug|iPhone.ActiveCfg = Debug|x86
		{1A9D44CF-B546-4A1A-8D6F-8FE511D8AF27}.Debug|iPhoneSimulator.ActiveCfg = Debug|x86
		{1A9D44CF-B546-4A1A-8D6F-8FE511D8AF27}.Debug|x64.ActiveCfg = Debug|x64
		{1A9D44CF-B546-4A1A-8D6F-8FE511D8AF27}.Debug|x64.Build.0 = Debug|x64
		{1A9D44CF-B546-4A1A-8D6F-8FE511D8AF27}.Debug|x64.Deploy.0 = Debug|x64
		{1A9D44CF-B546-4A1A-8D6F-8FE511D8AF27}.Debug|x86.ActiveCfg = Debug|x86
		{1A9D44CF-B546-4A1A-8D6F-8FE511D8AF27}.Debug|x86.Build.0 = Debug|x86
		{1A9D44CF-B546-4A1A-8D6F-8FE511D8AF27}.Debug|x86.Deploy.0 = Debug|x86
		{1A9D44CF-B546-4A1A-8D6F-8FE511D8AF27}.Release|Any CPU.ActiveCfg = Release|x86
		{1A9D44CF-B546-4A1A-8D6F-8FE511D8AF27}.Release|ARM.ActiveCfg = Release|ARM
		{1A9D44CF-B546-4A1A-8D6F-8FE511D8AF27}.Release|ARM.Build.0 = Release|ARM
		{1A9D44CF-B546-4A1A-8D6F-8FE511D8AF27}.Release|ARM.Deploy.0 = Release|ARM
		{1A9D44CF-B546-4A1A-8D6F-8FE511D8AF27}.Release|iPhone.ActiveCfg = Release|x86
		{1A9D44CF-B546-4A1A-8D6F-8FE511D8AF27}.Release|iPhoneSimulator.ActiveCfg = Release|x86
		{1A9D44CF-B546-4A1A-8D6F-8FE511D8AF27}.Release|x64.ActiveCfg = Release|x64
		{1A9D44CF-B546-4A1A-8D6F-8FE511D8AF27}.Release|x64.Build.0 = Release|x64
		{1A9D44CF-B546-4A1A-8D6F-8FE511D8AF27}.Release|x64.Deploy.0 = Release|x64
		{1A9D44CF-B546-4A1A-8D6F-8FE511D8AF27}.Release|x86.ActiveCfg = Release|x86
		{1A9D44CF-B546-4A1A-8D6F-8FE511D8AF27}.Release|x86.Build.0 = Release|x86
		{1A9D44CF-B546-4A1A-8D6F-8FE511D8AF27}.Release|x86.Deploy.0 = Release|x86
		{6F1FC83B-492C-4271-8875-9F62556F7B6D}.Ad-Hoc|Any CPU.ActiveCfg = Ad-Hoc|iPhone
		{6F1FC83B-492C-4271-8875-9F62556F7B6D}.Ad-Hoc|ARM.ActiveCfg = Ad-Hoc|iPhone
		{6F1FC83B-492C-4271-8875-9F62556F7B6D}.Ad-Hoc|iPhone.ActiveCfg = Ad-Hoc|iPhone
		{6F1FC83B-492C-4271-8875-9F62556F7B6D}.Ad-Hoc|iPhone.Build.0 = Ad-Hoc|iPhone
		{6F1FC83B-492C-4271-8875-9F62556F7B6D}.Ad-Hoc|iPhoneSimulator.ActiveCfg = Ad-Hoc|iPhoneSimulator
		{6F1FC83B-492C-4271-8875-9F62556F7B6D}.Ad-Hoc|iPhoneSimulator.Build.0 = Ad-Hoc|iPhoneSimulator
		{6F1FC83B-492C-4271-8875-9F62556F7B6D}.Ad-Hoc|x64.ActiveCfg = Ad-Hoc|iPhone
		{6F1FC83B-492C-4271-8875-9F62556F7B6D}.Ad-Hoc|x86.ActiveCfg = Ad-Hoc|iPhone
		{6F1FC83B-492C-4271-8875-9F62556F7B6D}.AppStore|Any CPU.ActiveCfg = AppStore|iPhone
		{6F1FC83B-492C-4271-8875-9F62556F7B6D}.AppStore|ARM.ActiveCfg = AppStore|iPhone
		{6F1FC83B-492C-4271-8875-9F62556F7B6D}.AppStore|iPhone.ActiveCfg = AppStore|iPhone
		{6F1FC83B-492C-4271-8875-9F62556F7B6D}.AppStore|iPhone.Build.0 = AppStore|iPhone
		{6F1FC83B-492C-4271-8875-9F62556F7B6D}.AppStore|iPhoneSimulator.ActiveCfg = AppStore|iPhoneSimulator
		{6F1FC83B-492C-4271-8875-9F62556F7B6D}.AppStore|iPhoneSimulator.Build.0 = AppStore|iPhoneSimulator
		{6F1FC83B-492C-4271-8875-9F62556F7B6D}.AppStore|x64.ActiveCfg = AppStore|iPhone
		{6F1FC83B-492C-4271-8875-9F62556F7B6D}.AppStore|x86.ActiveCfg = AppStore|iPhone
		{6F1FC83B-492C-4271-8875-9F62556F7B6D}.Debug|Any CPU.ActiveCfg = Debug|iPhone
		{6F1FC83B-492C-4271-8875-9F62556F7B6D}.Debug|ARM.ActiveCfg = Debug|iPhone
		{6F1FC83B-492C-4271-8875-9F62556F7B6D}.Debug|iPhone.ActiveCfg = Debug|iPhone
		{6F1FC83B-492C-4271-8875-9F62556F7B6D}.Debug|iPhone.Build.0 = Debug|iPhone
		{6F1FC83B-492C-4271-8875-9F62556F7B6D}.Debug|iPhoneSimulator.ActiveCfg = Debug|iPhoneSimulator
		{6F1FC83B-492C-4271-8875-9F62556F7B6D}.Debug|iPhoneSimulator.Build.0 = Debug|iPhoneSimulator
		{6F1FC83B-492C-4271-8875-9F62556F7B6D}.Debug|x64.ActiveCfg = Debug|iPhone
		{6F1FC83B-492C-4271-8875-9F62556F7B6D}.Debug|x86.ActiveCfg = Debug|iPhone
		{6F1FC83B-492C-4271-8875-9F62556F7B6D}.Release|Any CPU.ActiveCfg = Release|iPhone
		{6F1FC83B-492C-4271-8875-9F62556F7B6D}.Release|ARM.ActiveCfg = Release|iPhone
		{6F1FC83B-492C-4271-8875-9F62556F7B6D}.Release|iPhone.ActiveCfg = Release|iPhone
		{6F1FC83B-492C-4271-8875-9F62556F7B6D}.Release|iPhone.Build.0 = Release|iPhone
		{6F1FC83B-492C-4271-8875-9F62556F7B6D}.Release|iPhoneSimulator.ActiveCfg = Release|iPhoneSimulator
		{6F1FC83B-492C-4271-8875-9F62556F7B6D}.Release|iPhoneSimulator.Build.0 = Release|iPhoneSimulator
		{6F1FC83B-492C-4271-8875-9F62556F7B6D}.Release|x64.ActiveCfg = Release|iPhone
		{6F1FC83B-492C-4271-8875-9F62556F7B6D}.Release|x86.ActiveCfg = Release|iPhone
	EndGlobalSection
	GlobalSection(SolutionProperties) = preSolution
		HideSolutionNode = FALSE
	EndGlobalSection
EndGlobal
